
Microsoft Visual Studio Solution File, Format Version 12.00
# Visual Studio 15
VisualStudioVersion = 15.0.26127.3
MinimumVisualStudioVersion = 10.0.40219.1
Project("{2150E333-8FDC-42A3-9474-1A3956D46DE8}") = "Chapter 1", "Chapter 1", "{ADD1F9A5-EFB2-4CD8-99E8-C74E4AA70985}"
EndProject
Project("{8BC9CEB8-8B4A-11D0-8D11-00A0C91BC942}") = "Lab 1-4-2", "Lab 1-4-2\Lab 1-4-2.vcxproj", "{635D0EBD-BC6F-48CD-9631-A6D2B1841630}"
EndProject
Project("{8BC9CEB8-8B4A-11D0-8D11-00A0C91BC942}") = "Lab 1-4-40", "Lab 1-4-40\Lab 1-4-40.vcxproj", "{CE3C6DA8-A215-479F-8DBF-368915DDA34E}"
EndProject
Project("{8BC9CEB8-8B4A-11D0-8D11-00A0C91BC942}") = "Lab 1-2-6", "Lab 1-2-6\Lab 1-2-6.vcxproj", "{69A642A1-042F-4026-BE1B-8D0DE8483E69}"
EndProject
Project("{8BC9CEB8-8B4A-11D0-8D11-00A0C91BC942}") = "Lab 1-3-1", "Lab 1-3-1\Lab 1-3-1.vcxproj", "{FD52B2EC-0572-4C8D-A1CD-E367580C5FB3}"
EndProject
Project("{8BC9CEB8-8B4A-11D0-8D11-00A0C91BC942}") = "Lab 1-6-11", "Lab 1-6-11\Lab 1-6-11.vcxproj", "{CE41B9E8-A15D-469D-BAD8-954356D7473E}"
EndProject
Global
	GlobalSection(SolutionConfigurationPlatforms) = preSolution
		Debug|x64 = Debug|x64
		Debug|x86 = Debug|x86
		Release|x64 = Release|x64
		Release|x86 = Release|x86
	EndGlobalSection
	GlobalSection(ProjectConfigurationPlatforms) = postSolution
		{635D0EBD-BC6F-48CD-9631-A6D2B1841630}.Debug|x64.ActiveCfg = Debug|x64
		{635D0EBD-BC6F-48CD-9631-A6D2B1841630}.Debug|x64.Build.0 = Debug|x64
		{635D0EBD-BC6F-48CD-9631-A6D2B1841630}.Debug|x86.ActiveCfg = Debug|Win32
		{635D0EBD-BC6F-48CD-9631-A6D2B1841630}.Debug|x86.Build.0 = Debug|Win32
		{635D0EBD-BC6F-48CD-9631-A6D2B1841630}.Release|x64.ActiveCfg = Release|x64
		{635D0EBD-BC6F-48CD-9631-A6D2B1841630}.Release|x64.Build.0 = Release|x64
		{635D0EBD-BC6F-48CD-9631-A6D2B1841630}.Release|x86.ActiveCfg = Release|Win32
		{635D0EBD-BC6F-48CD-9631-A6D2B1841630}.Release|x86.Build.0 = Release|Win32
		{CE3C6DA8-A215-479F-8DBF-368915DDA34E}.Debug|x64.ActiveCfg = Debug|x64
		{CE3C6DA8-A215-479F-8DBF-368915DDA34E}.Debug|x64.Build.0 = Debug|x64
		{CE3C6DA8-A215-479F-8DBF-368915DDA34E}.Debug|x86.ActiveCfg = Debug|Win32
		{CE3C6DA8-A215-479F-8DBF-368915DDA34E}.Debug|x86.Build.0 = Debug|Win32
		{CE3C6DA8-A215-479F-8DBF-368915DDA34E}.Release|x64.ActiveCfg = Release|x64
		{CE3C6DA8-A215-479F-8DBF-368915DDA34E}.Release|x64.Build.0 = Release|x64
		{CE3C6DA8-A215-479F-8DBF-368915DDA34E}.Release|x86.ActiveCfg = Release|Win32
		{CE3C6DA8-A215-479F-8DBF-368915DDA34E}.Release|x86.Build.0 = Release|Win32
		{69A642A1-042F-4026-BE1B-8D0DE8483E69}.Debug|x64.ActiveCfg = Debug|x64
		{69A642A1-042F-4026-BE1B-8D0DE8483E69}.Debug|x64.Build.0 = Debug|x64
		{69A642A1-042F-4026-BE1B-8D0DE8483E69}.Debug|x86.ActiveCfg = Debug|Win32
		{69A642A1-042F-4026-BE1B-8D0DE8483E69}.Debug|x86.Build.0 = Debug|Win32
		{69A642A1-042F-4026-BE1B-8D0DE8483E69}.Release|x64.ActiveCfg = Release|x64
		{69A642A1-042F-4026-BE1B-8D0DE8483E69}.Release|x64.Build.0 = Release|x64
		{69A642A1-042F-4026-BE1B-8D0DE8483E69}.Release|x86.ActiveCfg = Release|Win32
		{69A642A1-042F-4026-BE1B-8D0DE8483E69}.Release|x86.Build.0 = Release|Win32
		{FD52B2EC-0572-4C8D-A1CD-E367580C5FB3}.Debug|x64.ActiveCfg = Debug|x64
		{FD52B2EC-0572-4C8D-A1CD-E367580C5FB3}.Debug|x64.Build.0 = Debug|x64
		{FD52B2EC-0572-4C8D-A1CD-E367580C5FB3}.Debug|x86.ActiveCfg = Debug|Win32
		{FD52B2EC-0572-4C8D-A1CD-E367580C5FB3}.Debug|x86.Build.0 = Debug|Win32
		{FD52B2EC-0572-4C8D-A1CD-E367580C5FB3}.Release|x64.ActiveCfg = Release|x64
		{FD52B2EC-0572-4C8D-A1CD-E367580C5FB3}.Release|x64.Build.0 = Release|x64
		{FD52B2EC-0572-4C8D-A1CD-E367580C5FB3}.Release|x86.ActiveCfg = Release|Win32
		{FD52B2EC-0572-4C8D-A1CD-E367580C5FB3}.Release|x86.Build.0 = Release|Win32
		{CE41B9E8-A15D-469D-BAD8-954356D7473E}.Debug|x64.ActiveCfg = Debug|x64
		{CE41B9E8-A15D-469D-BAD8-954356D7473E}.Debug|x64.Build.0 = Debug|x64
		{CE41B9E8-A15D-469D-BAD8-954356D7473E}.Debug|x86.ActiveCfg = Debug|Win32
		{CE41B9E8-A15D-469D-BAD8-954356D7473E}.Debug|x86.Build.0 = Debug|Win32
		{CE41B9E8-A15D-469D-BAD8-954356D7473E}.Release|x64.ActiveCfg = Release|x64
		{CE41B9E8-A15D-469D-BAD8-954356D7473E}.Release|x64.Build.0 = Release|x64
		{CE41B9E8-A15D-469D-BAD8-954356D7473E}.Release|x86.ActiveCfg = Release|Win32
		{CE41B9E8-A15D-469D-BAD8-954356D7473E}.Release|x86.Build.0 = Release|Win32
	EndGlobalSection
	GlobalSection(SolutionProperties) = preSolution
		HideSolutionNode = FALSE
	EndGlobalSection
	GlobalSection(NestedProjects) = preSolution
		{635D0EBD-BC6F-48CD-9631-A6D2B1841630} = {ADD1F9A5-EFB2-4CD8-99E8-C74E4AA70985}
		{CE3C6DA8-A215-479F-8DBF-368915DDA34E} = {ADD1F9A5-EFB2-4CD8-99E8-C74E4AA70985}
		{69A642A1-042F-4026-BE1B-8D0DE8483E69} = {ADD1F9A5-EFB2-4CD8-99E8-C74E4AA70985}
		{FD52B2EC-0572-4C8D-A1CD-E367580C5FB3} = {ADD1F9A5-EFB2-4CD8-99E8-C74E4AA70985}
		{CE41B9E8-A15D-469D-BAD8-954356D7473E} = {ADD1F9A5-EFB2-4CD8-99E8-C74E4AA70985}
	EndGlobalSection
EndGlobal
